
Microsoft Visual Studio Solution File, Format Version 12.00
# Visual Studio Version 16
VisualStudioVersion = 16.0.30320.27
MinimumVisualStudioVersion = 10.0.40219.1
Project("{FAE04EC0-301F-11D3-BF4B-00C04F79EFBC}") = "Admin", "Admin\Admin.csproj", "{32F0A17F-67C6-4B12-B5B7-3ACE8C69442E}"
EndProject
Global
	GlobalSection(SolutionConfigurationPlatforms) = preSolution
		Debug|Any CPU = Debug|Any CPU
		Release|Any CPU = Release|Any CPU
	EndGlobalSection
	GlobalSection(ProjectConfigurationPlatforms) = postSolution
		{32F0A17F-67C6-4B12-B5B7-3ACE8C69442E}.Debug|Any CPU.ActiveCfg = Debug|Any CPU
		{32F0A17F-67C6-4B12-B5B7-3ACE8C69442E}.Debug|Any CPU.Build.0 = Debug|Any CPU
		{32F0A17F-67C6-4B12-B5B7-3ACE8C69442E}.Release|Any CPU.ActiveCfg = Release|Any CPU
		{32F0A17F-67C6-4B12-B5B7-3ACE8C69442E}.Release|Any CPU.Build.0 = Release|Any CPU
	EndGlobalSection
	GlobalSection(SolutionProperties) = preSolution
		HideSolutionNode = FALSE
	EndGlobalSection
	GlobalSection(ExtensibilityGlobals) = postSolution
		SolutionGuid = {3A157ED1-C2EB-4134-9C3B-3134B7908115}
	EndGlobalSection
EndGlobal
